// !$*UTF8*$!
{
	archiveVersion = 1;
	classes = {
	};
	objectVersion = 51;
	objects = {

/* Begin PBXBuildFile section */
		5D6043BB97D5ABA3DA3F4590 /* Pods_HelloCustomer.framework in Frameworks */ = {isa = PBXBuildFile; fileRef = E3367A7D95DBC86271FA0B6E /* Pods_HelloCustomer.framework */; };
		5EED74E147AA8F94E78AD17F /* Pods_HelloCustomer_HelloCustomerTests.framework in Frameworks */ = {isa = PBXBuildFile; fileRef = 29AD8405281A6ECECE792123 /* Pods_HelloCustomer_HelloCustomerTests.framework */; };
		9408363C80ED71340BB28D94 /* Pods_Example.framework in Frameworks */ = {isa = PBXBuildFile; fileRef = 5CF7676E3A05D2640C170375 /* Pods_Example.framework */; };
		A799AD70D7A350C68A601447 /* Pods_Example_ExampleUITests.framework in Frameworks */ = {isa = PBXBuildFile; fileRef = 66FBE1B4F1CD5323BCCD7608 /* Pods_Example_ExampleUITests.framework */; };
		AE00B41426AC1FEA002D200C /* QuestionModal.swift in Sources */ = {isa = PBXBuildFile; fileRef = AE00B41326AC1FEA002D200C /* QuestionModal.swift */; };
		AE00B43326AC2BE4002D200C /* BottomSheetModalViewController.swift in Sources */ = {isa = PBXBuildFile; fileRef = AE00B43226AC2BE4002D200C /* BottomSheetModalViewController.swift */; };
		AE00B44926AC3834002D200C /* ModalQuestionView.swift in Sources */ = {isa = PBXBuildFile; fileRef = AE00B44826AC3834002D200C /* ModalQuestionView.swift */; };
		AE00B46326AC5E01002D200C /* AbstractBottomSheetViewController.swift in Sources */ = {isa = PBXBuildFile; fileRef = AE00B46226AC5E01002D200C /* AbstractBottomSheetViewController.swift */; };
		AE00B48726AC6258002D200C /* Assets.xcassets in Resources */ = {isa = PBXBuildFile; fileRef = AE00B48626AC6258002D200C /* Assets.xcassets */; };
		AE00B4A126ADC35F002D200C /* BottomHintLabelsView.swift in Sources */ = {isa = PBXBuildFile; fileRef = AE00B4A026ADC35F002D200C /* BottomHintLabelsView.swift */; };
		AE00B4A726ADD115002D200C /* ScorePickerView.swift in Sources */ = {isa = PBXBuildFile; fileRef = AE00B4A626ADD115002D200C /* ScorePickerView.swift */; };
		AE11A7DF26B19E0B00FBFA8B /* ModalConfig.swift in Sources */ = {isa = PBXBuildFile; fileRef = AE11A7DE26B19E0B00FBFA8B /* ModalConfig.swift */; };
		AE57757F26FFBC6B00093A68 /* Sdk-Info.plist in Resources */ = {isa = PBXBuildFile; fileRef = AEF5F0BF26AC137300D4822D /* Sdk-Info.plist */; };
		AE8ABB6226B52B2B005E56DF /* DialogModalViewController.swift in Sources */ = {isa = PBXBuildFile; fileRef = AE8ABB6126B52B2B005E56DF /* DialogModalViewController.swift */; };
		AE8ABB6826B52C03005E56DF /* HCLogger.swift in Sources */ = {isa = PBXBuildFile; fileRef = AE8ABB6726B52C03005E56DF /* HCLogger.swift */; };
		AE8ABB6F26B5712F005E56DF /* SurveyView.swift in Sources */ = {isa = PBXBuildFile; fileRef = AE8ABB6E26B5712F005E56DF /* SurveyView.swift */; };
		AE8ABB7926B69CB2005E56DF /* TouchPointService.swift in Sources */ = {isa = PBXBuildFile; fileRef = AE8ABB7826B69CB2005E56DF /* TouchPointService.swift */; };
		AE93E3472791C99B00831BED /* touchpoint.plist in Resources */ = {isa = PBXBuildFile; fileRef = AE93E3462791C99B00831BED /* touchpoint.plist */; };
		AE93E3492791F53100831BED /* touchpoint-example.plist in Resources */ = {isa = PBXBuildFile; fileRef = AE93E3482791F53100831BED /* touchpoint-example.plist */; };
		AEA19E87272C070E003C49C3 /* UILabel.swift in Sources */ = {isa = PBXBuildFile; fileRef = AEA19E86272C070E003C49C3 /* UILabel.swift */; };
		AEA9D34A26F5F98B00CE81C2 /* TouchpointConfigResolver.swift in Sources */ = {isa = PBXBuildFile; fileRef = AEA9D34926F5F98B00CE81C2 /* TouchpointConfigResolver.swift */; };
		AEA9D34C26F5F9BC00CE81C2 /* UserLocaleProvider.swift in Sources */ = {isa = PBXBuildFile; fileRef = AEA9D34B26F5F9BC00CE81C2 /* UserLocaleProvider.swift */; };
		AEA9D34E26F6221900CE81C2 /* UIColorInputError.swift in Sources */ = {isa = PBXBuildFile; fileRef = AEA9D34D26F6221900CE81C2 /* UIColorInputError.swift */; };
		AEA9D35026F744CF00CE81C2 /* QuestionaireUrlBuilder.swift in Sources */ = {isa = PBXBuildFile; fileRef = AEA9D34F26F744CF00CE81C2 /* QuestionaireUrlBuilder.swift */; };
		AEA9D35526F75CBF00CE81C2 /* earwig.ttf in Resources */ = {isa = PBXBuildFile; fileRef = AEA9D35426F75CBF00CE81C2 /* earwig.ttf */; };
		AEA9D35726F75FDB00CE81C2 /* comici.ttf in Resources */ = {isa = PBXBuildFile; fileRef = AEA9D35626F75FDB00CE81C2 /* comici.ttf */; };
		AEB6E66E270F4BF200B75F2B /* ScoreButtonColorResolver.swift in Sources */ = {isa = PBXBuildFile; fileRef = AEB6E66D270F4BF200B75F2B /* ScoreButtonColorResolver.swift */; };
		AECFFC1726F5CA2B00657C12 /* SurveyQuestionDto.swift in Sources */ = {isa = PBXBuildFile; fileRef = AECFFC1626F5CA2B00657C12 /* SurveyQuestionDto.swift */; };
		AECFFC1B26F5CF6D00657C12 /* SurveyLanguageDesignDto.swift in Sources */ = {isa = PBXBuildFile; fileRef = AECFFC1A26F5CF6D00657C12 /* SurveyLanguageDesignDto.swift */; };
		AECFFC1D26F5CFE100657C12 /* HelloCustomerTouchPointConfig.swift in Sources */ = {isa = PBXBuildFile; fileRef = AECFFC1C26F5CFE100657C12 /* HelloCustomerTouchPointConfig.swift */; };
		AECFFC1F26F5D5D200657C12 /* SurveyDto.swift in Sources */ = {isa = PBXBuildFile; fileRef = AECFFC1E26F5D5D200657C12 /* SurveyDto.swift */; };
		AEDD251126AF1945000A230C /* ScoreButton.swift in Sources */ = {isa = PBXBuildFile; fileRef = AEDD251026AF1945000A230C /* ScoreButton.swift */; };
		AEDD251826AF19FC000A230C /* QuestionType.swift in Sources */ = {isa = PBXBuildFile; fileRef = AEDD251726AF19FC000A230C /* QuestionType.swift */; };
		AEE42E4326B08FB90019D2D8 /* UIColor.swift in Sources */ = {isa = PBXBuildFile; fileRef = AEE42E4226B08FB90019D2D8 /* UIColor.swift */; };
		AEF5F0C526AC137400D4822D /* HelloCustomer.framework in Frameworks */ = {isa = PBXBuildFile; fileRef = AEF5F0BB26AC137300D4822D /* HelloCustomer.framework */; };
		AEF5F0CA26AC137400D4822D /* HelloCustomerTests.swift in Sources */ = {isa = PBXBuildFile; fileRef = AEF5F0C926AC137400D4822D /* HelloCustomerTests.swift */; };
		AEF5F0CC26AC137400D4822D /* HelloCustomer.h in Headers */ = {isa = PBXBuildFile; fileRef = AEF5F0BE26AC137300D4822D /* HelloCustomer.h */; settings = {ATTRIBUTES = (Public, ); }; };
		AEF5F0DE26AC13F000D4822D /* AppDelegate.swift in Sources */ = {isa = PBXBuildFile; fileRef = AEF5F0DD26AC13F000D4822D /* AppDelegate.swift */; };
		AEF5F0E226AC13F000D4822D /* ViewController.swift in Sources */ = {isa = PBXBuildFile; fileRef = AEF5F0E126AC13F000D4822D /* ViewController.swift */; };
		AEF5F0E526AC13F000D4822D /* Main.storyboard in Resources */ = {isa = PBXBuildFile; fileRef = AEF5F0E326AC13F000D4822D /* Main.storyboard */; };
		AEF5F0E726AC13F300D4822D /* Assets.xcassets in Resources */ = {isa = PBXBuildFile; fileRef = AEF5F0E626AC13F300D4822D /* Assets.xcassets */; };
		AEF5F0EA26AC13F300D4822D /* LaunchScreen.storyboard in Resources */ = {isa = PBXBuildFile; fileRef = AEF5F0E826AC13F300D4822D /* LaunchScreen.storyboard */; };
		AEF5F10026AC13F400D4822D /* ExampleUITests.swift in Sources */ = {isa = PBXBuildFile; fileRef = AEF5F0FF26AC13F400D4822D /* ExampleUITests.swift */; };
		AEF5F11A26AC142200D4822D /* HelloCustomerTouchPoint.swift in Sources */ = {isa = PBXBuildFile; fileRef = AEF5F11926AC142200D4822D /* HelloCustomerTouchPoint.swift */; };
/* End PBXBuildFile section */

/* Begin PBXContainerItemProxy section */
		AEF5F0C626AC137400D4822D /* PBXContainerItemProxy */ = {
			isa = PBXContainerItemProxy;
			containerPortal = AEF5F0B226AC137300D4822D /* Project object */;
			proxyType = 1;
			remoteGlobalIDString = AEF5F0BA26AC137300D4822D;
			remoteInfo = HelloCustomer;
		};
		AEF5F0FC26AC13F400D4822D /* PBXContainerItemProxy */ = {
			isa = PBXContainerItemProxy;
			containerPortal = AEF5F0B226AC137300D4822D /* Project object */;
			proxyType = 1;
			remoteGlobalIDString = AEF5F0DA26AC13F000D4822D;
			remoteInfo = Example;
		};
/* End PBXContainerItemProxy section */

/* Begin PBXFileReference section */
		089875B8F08134857342D89A /* Pods-HelloCustomer.debug.xcconfig */ = {isa = PBXFileReference; includeInIndex = 1; lastKnownFileType = text.xcconfig; name = "Pods-HelloCustomer.debug.xcconfig"; path = "Target Support Files/Pods-HelloCustomer/Pods-HelloCustomer.debug.xcconfig"; sourceTree = "<group>"; };
		1EBEBB3105B409F08FA77893 /* Pods-HelloCustomer.release.xcconfig */ = {isa = PBXFileReference; includeInIndex = 1; lastKnownFileType = text.xcconfig; name = "Pods-HelloCustomer.release.xcconfig"; path = "Target Support Files/Pods-HelloCustomer/Pods-HelloCustomer.release.xcconfig"; sourceTree = "<group>"; };
		29AD8405281A6ECECE792123 /* Pods_HelloCustomer_HelloCustomerTests.framework */ = {isa = PBXFileReference; explicitFileType = wrapper.framework; includeInIndex = 0; path = Pods_HelloCustomer_HelloCustomerTests.framework; sourceTree = BUILT_PRODUCTS_DIR; };
		5CF7676E3A05D2640C170375 /* Pods_Example.framework */ = {isa = PBXFileReference; explicitFileType = wrapper.framework; includeInIndex = 0; path = Pods_Example.framework; sourceTree = BUILT_PRODUCTS_DIR; };
		66FBE1B4F1CD5323BCCD7608 /* Pods_Example_ExampleUITests.framework */ = {isa = PBXFileReference; explicitFileType = wrapper.framework; includeInIndex = 0; path = Pods_Example_ExampleUITests.framework; sourceTree = BUILT_PRODUCTS_DIR; };
		7F90A4C96869F59C009B2026 /* Pods-Example.debug.xcconfig */ = {isa = PBXFileReference; includeInIndex = 1; lastKnownFileType = text.xcconfig; name = "Pods-Example.debug.xcconfig"; path = "Target Support Files/Pods-Example/Pods-Example.debug.xcconfig"; sourceTree = "<group>"; };
		900C04BB0A30361472AE2F53 /* Pods-HelloCustomer-HelloCustomerTests.release.xcconfig */ = {isa = PBXFileReference; includeInIndex = 1; lastKnownFileType = text.xcconfig; name = "Pods-HelloCustomer-HelloCustomerTests.release.xcconfig"; path = "Target Support Files/Pods-HelloCustomer-HelloCustomerTests/Pods-HelloCustomer-HelloCustomerTests.release.xcconfig"; sourceTree = "<group>"; };
		98A09F0B64ECCD7A04212282 /* Pods-Example.release.xcconfig */ = {isa = PBXFileReference; includeInIndex = 1; lastKnownFileType = text.xcconfig; name = "Pods-Example.release.xcconfig"; path = "Target Support Files/Pods-Example/Pods-Example.release.xcconfig"; sourceTree = "<group>"; };
		ACD5BF692282CF58BE6DBB80 /* Pods-Example-ExampleUITests.debug.xcconfig */ = {isa = PBXFileReference; includeInIndex = 1; lastKnownFileType = text.xcconfig; name = "Pods-Example-ExampleUITests.debug.xcconfig"; path = "Target Support Files/Pods-Example-ExampleUITests/Pods-Example-ExampleUITests.debug.xcconfig"; sourceTree = "<group>"; };
		AE00B41326AC1FEA002D200C /* QuestionModal.swift */ = {isa = PBXFileReference; lastKnownFileType = sourcecode.swift; path = QuestionModal.swift; sourceTree = "<group>"; };
		AE00B43226AC2BE4002D200C /* BottomSheetModalViewController.swift */ = {isa = PBXFileReference; lastKnownFileType = sourcecode.swift; path = BottomSheetModalViewController.swift; sourceTree = "<group>"; };
		AE00B44826AC3834002D200C /* ModalQuestionView.swift */ = {isa = PBXFileReference; lastKnownFileType = sourcecode.swift; path = ModalQuestionView.swift; sourceTree = "<group>"; };
		AE00B46226AC5E01002D200C /* AbstractBottomSheetViewController.swift */ = {isa = PBXFileReference; lastKnownFileType = sourcecode.swift; path = AbstractBottomSheetViewController.swift; sourceTree = "<group>"; };
		AE00B48626AC6258002D200C /* Assets.xcassets */ = {isa = PBXFileReference; lastKnownFileType = folder.assetcatalog; path = Assets.xcassets; sourceTree = "<group>"; };
		AE00B4A026ADC35F002D200C /* BottomHintLabelsView.swift */ = {isa = PBXFileReference; lastKnownFileType = sourcecode.swift; path = BottomHintLabelsView.swift; sourceTree = "<group>"; };
		AE00B4A626ADD115002D200C /* ScorePickerView.swift */ = {isa = PBXFileReference; lastKnownFileType = sourcecode.swift; path = ScorePickerView.swift; sourceTree = "<group>"; };
		AE11A7DE26B19E0B00FBFA8B /* ModalConfig.swift */ = {isa = PBXFileReference; lastKnownFileType = sourcecode.swift; path = ModalConfig.swift; sourceTree = "<group>"; };
		AE8ABB6126B52B2B005E56DF /* DialogModalViewController.swift */ = {isa = PBXFileReference; lastKnownFileType = sourcecode.swift; path = DialogModalViewController.swift; sourceTree = "<group>"; };
		AE8ABB6726B52C03005E56DF /* HCLogger.swift */ = {isa = PBXFileReference; lastKnownFileType = sourcecode.swift; path = HCLogger.swift; sourceTree = "<group>"; };
		AE8ABB6E26B5712F005E56DF /* SurveyView.swift */ = {isa = PBXFileReference; lastKnownFileType = sourcecode.swift; path = SurveyView.swift; sourceTree = "<group>"; };
		AE8ABB7826B69CB2005E56DF /* TouchPointService.swift */ = {isa = PBXFileReference; lastKnownFileType = sourcecode.swift; path = TouchPointService.swift; sourceTree = "<group>"; };
		AE93E3462791C99B00831BED /* touchpoint.plist */ = {isa = PBXFileReference; lastKnownFileType = text.plist.xml; path = touchpoint.plist; sourceTree = "<group>"; };
		AE93E3482791F53100831BED /* touchpoint-example.plist */ = {isa = PBXFileReference; lastKnownFileType = text.plist.xml; path = "touchpoint-example.plist"; sourceTree = "<group>"; };
		AEA19E86272C070E003C49C3 /* UILabel.swift */ = {isa = PBXFileReference; lastKnownFileType = sourcecode.swift; path = UILabel.swift; sourceTree = "<group>"; };
		AEA9D34926F5F98B00CE81C2 /* TouchpointConfigResolver.swift */ = {isa = PBXFileReference; lastKnownFileType = sourcecode.swift; path = TouchpointConfigResolver.swift; sourceTree = "<group>"; };
		AEA9D34B26F5F9BC00CE81C2 /* UserLocaleProvider.swift */ = {isa = PBXFileReference; lastKnownFileType = sourcecode.swift; path = UserLocaleProvider.swift; sourceTree = "<group>"; };
		AEA9D34D26F6221900CE81C2 /* UIColorInputError.swift */ = {isa = PBXFileReference; lastKnownFileType = sourcecode.swift; path = UIColorInputError.swift; sourceTree = "<group>"; };
		AEA9D34F26F744CF00CE81C2 /* QuestionaireUrlBuilder.swift */ = {isa = PBXFileReference; lastKnownFileType = sourcecode.swift; path = QuestionaireUrlBuilder.swift; sourceTree = "<group>"; };
		AEA9D35426F75CBF00CE81C2 /* earwig.ttf */ = {isa = PBXFileReference; lastKnownFileType = file; path = earwig.ttf; sourceTree = "<group>"; };
		AEA9D35626F75FDB00CE81C2 /* comici.ttf */ = {isa = PBXFileReference; lastKnownFileType = file; path = comici.ttf; sourceTree = "<group>"; };
		AEB6E66D270F4BF200B75F2B /* ScoreButtonColorResolver.swift */ = {isa = PBXFileReference; lastKnownFileType = sourcecode.swift; path = ScoreButtonColorResolver.swift; sourceTree = "<group>"; };
		AECFFC1626F5CA2B00657C12 /* SurveyQuestionDto.swift */ = {isa = PBXFileReference; lastKnownFileType = sourcecode.swift; path = SurveyQuestionDto.swift; sourceTree = "<group>"; };
		AECFFC1A26F5CF6D00657C12 /* SurveyLanguageDesignDto.swift */ = {isa = PBXFileReference; lastKnownFileType = sourcecode.swift; path = SurveyLanguageDesignDto.swift; sourceTree = "<group>"; };
		AECFFC1C26F5CFE100657C12 /* HelloCustomerTouchPointConfig.swift */ = {isa = PBXFileReference; lastKnownFileType = sourcecode.swift; path = HelloCustomerTouchPointConfig.swift; sourceTree = "<group>"; };
		AECFFC1E26F5D5D200657C12 /* SurveyDto.swift */ = {isa = PBXFileReference; lastKnownFileType = sourcecode.swift; path = SurveyDto.swift; sourceTree = "<group>"; };
		AEDD251026AF1945000A230C /* ScoreButton.swift */ = {isa = PBXFileReference; lastKnownFileType = sourcecode.swift; path = ScoreButton.swift; sourceTree = "<group>"; };
		AEDD251726AF19FC000A230C /* QuestionType.swift */ = {isa = PBXFileReference; lastKnownFileType = sourcecode.swift; path = QuestionType.swift; sourceTree = "<group>"; };
		AEE42E4226B08FB90019D2D8 /* UIColor.swift */ = {isa = PBXFileReference; lastKnownFileType = sourcecode.swift; path = UIColor.swift; sourceTree = "<group>"; };
		AEF5F0BB26AC137300D4822D /* HelloCustomer.framework */ = {isa = PBXFileReference; explicitFileType = wrapper.framework; includeInIndex = 0; path = HelloCustomer.framework; sourceTree = BUILT_PRODUCTS_DIR; };
		AEF5F0BE26AC137300D4822D /* HelloCustomer.h */ = {isa = PBXFileReference; lastKnownFileType = sourcecode.c.h; path = HelloCustomer.h; sourceTree = "<group>"; };
		AEF5F0BF26AC137300D4822D /* Sdk-Info.plist */ = {isa = PBXFileReference; lastKnownFileType = text.plist.xml; path = "Sdk-Info.plist"; sourceTree = "<group>"; };
		AEF5F0C426AC137400D4822D /* HelloCustomerTests.xctest */ = {isa = PBXFileReference; explicitFileType = wrapper.cfbundle; includeInIndex = 0; path = HelloCustomerTests.xctest; sourceTree = BUILT_PRODUCTS_DIR; };
		AEF5F0C926AC137400D4822D /* HelloCustomerTests.swift */ = {isa = PBXFileReference; lastKnownFileType = sourcecode.swift; path = HelloCustomerTests.swift; sourceTree = "<group>"; };
		AEF5F0CB26AC137400D4822D /* Info.plist */ = {isa = PBXFileReference; lastKnownFileType = text.plist.xml; path = Info.plist; sourceTree = "<group>"; };
		AEF5F0DB26AC13F000D4822D /* Example.app */ = {isa = PBXFileReference; explicitFileType = wrapper.application; includeInIndex = 0; path = Example.app; sourceTree = BUILT_PRODUCTS_DIR; };
		AEF5F0DD26AC13F000D4822D /* AppDelegate.swift */ = {isa = PBXFileReference; lastKnownFileType = sourcecode.swift; path = AppDelegate.swift; sourceTree = "<group>"; };
		AEF5F0E126AC13F000D4822D /* ViewController.swift */ = {isa = PBXFileReference; lastKnownFileType = sourcecode.swift; path = ViewController.swift; sourceTree = "<group>"; };
		AEF5F0E426AC13F000D4822D /* Base */ = {isa = PBXFileReference; lastKnownFileType = file.storyboard; name = Base; path = Base.lproj/Main.storyboard; sourceTree = "<group>"; };
		AEF5F0E626AC13F300D4822D /* Assets.xcassets */ = {isa = PBXFileReference; lastKnownFileType = folder.assetcatalog; path = Assets.xcassets; sourceTree = "<group>"; };
		AEF5F0E926AC13F300D4822D /* Base */ = {isa = PBXFileReference; lastKnownFileType = file.storyboard; name = Base; path = Base.lproj/LaunchScreen.storyboard; sourceTree = "<group>"; };
		AEF5F0EB26AC13F300D4822D /* Info.plist */ = {isa = PBXFileReference; lastKnownFileType = text.plist.xml; path = Info.plist; sourceTree = "<group>"; };
		AEF5F0FB26AC13F400D4822D /* ExampleUITests.xctest */ = {isa = PBXFileReference; explicitFileType = wrapper.cfbundle; includeInIndex = 0; path = ExampleUITests.xctest; sourceTree = BUILT_PRODUCTS_DIR; };
		AEF5F0FF26AC13F400D4822D /* ExampleUITests.swift */ = {isa = PBXFileReference; lastKnownFileType = sourcecode.swift; path = ExampleUITests.swift; sourceTree = "<group>"; };
		AEF5F10126AC13F400D4822D /* Info.plist */ = {isa = PBXFileReference; lastKnownFileType = text.plist.xml; path = Info.plist; sourceTree = "<group>"; };
		AEF5F11926AC142200D4822D /* HelloCustomerTouchPoint.swift */ = {isa = PBXFileReference; lastKnownFileType = sourcecode.swift; path = HelloCustomerTouchPoint.swift; sourceTree = "<group>"; };
		E3367A7D95DBC86271FA0B6E /* Pods_HelloCustomer.framework */ = {isa = PBXFileReference; explicitFileType = wrapper.framework; includeInIndex = 0; path = Pods_HelloCustomer.framework; sourceTree = BUILT_PRODUCTS_DIR; };
		E91F33CD7A870F3DA0D7C998 /* Pods-Example-ExampleUITests.release.xcconfig */ = {isa = PBXFileReference; includeInIndex = 1; lastKnownFileType = text.xcconfig; name = "Pods-Example-ExampleUITests.release.xcconfig"; path = "Target Support Files/Pods-Example-ExampleUITests/Pods-Example-ExampleUITests.release.xcconfig"; sourceTree = "<group>"; };
		FC5601D81667120231AA1290 /* Pods-HelloCustomer-HelloCustomerTests.debug.xcconfig */ = {isa = PBXFileReference; includeInIndex = 1; lastKnownFileType = text.xcconfig; name = "Pods-HelloCustomer-HelloCustomerTests.debug.xcconfig"; path = "Target Support Files/Pods-HelloCustomer-HelloCustomerTests/Pods-HelloCustomer-HelloCustomerTests.debug.xcconfig"; sourceTree = "<group>"; };
/* End PBXFileReference section */

/* Begin PBXFrameworksBuildPhase section */
		AEF5F0B826AC137300D4822D /* Frameworks */ = {
			isa = PBXFrameworksBuildPhase;
			buildActionMask = 2147483647;
			files = (
				5D6043BB97D5ABA3DA3F4590 /* Pods_HelloCustomer.framework in Frameworks */,
			);
			runOnlyForDeploymentPostprocessing = 0;
		};
		AEF5F0C126AC137400D4822D /* Frameworks */ = {
			isa = PBXFrameworksBuildPhase;
			buildActionMask = 2147483647;
			files = (
				AEF5F0C526AC137400D4822D /* HelloCustomer.framework in Frameworks */,
				5EED74E147AA8F94E78AD17F /* Pods_HelloCustomer_HelloCustomerTests.framework in Frameworks */,
			);
			runOnlyForDeploymentPostprocessing = 0;
		};
		AEF5F0D826AC13F000D4822D /* Frameworks */ = {
			isa = PBXFrameworksBuildPhase;
			buildActionMask = 2147483647;
			files = (
				9408363C80ED71340BB28D94 /* Pods_Example.framework in Frameworks */,
			);
			runOnlyForDeploymentPostprocessing = 0;
		};
		AEF5F0F826AC13F400D4822D /* Frameworks */ = {
			isa = PBXFrameworksBuildPhase;
			buildActionMask = 2147483647;
			files = (
				A799AD70D7A350C68A601447 /* Pods_Example_ExampleUITests.framework in Frameworks */,
			);
			runOnlyForDeploymentPostprocessing = 0;
		};
/* End PBXFrameworksBuildPhase section */

/* Begin PBXGroup section */
		9D7F426D1FA97892D4B3D02B /* Frameworks */ = {
			isa = PBXGroup;
			children = (
				5CF7676E3A05D2640C170375 /* Pods_Example.framework */,
				66FBE1B4F1CD5323BCCD7608 /* Pods_Example_ExampleUITests.framework */,
				E3367A7D95DBC86271FA0B6E /* Pods_HelloCustomer.framework */,
				29AD8405281A6ECECE792123 /* Pods_HelloCustomer_HelloCustomerTests.framework */,
			);
			name = Frameworks;
			sourceTree = "<group>";
		};
		A1607DEC4D08CD1F4A610D92 /* Pods */ = {
			isa = PBXGroup;
			children = (
				7F90A4C96869F59C009B2026 /* Pods-Example.debug.xcconfig */,
				98A09F0B64ECCD7A04212282 /* Pods-Example.release.xcconfig */,
				ACD5BF692282CF58BE6DBB80 /* Pods-Example-ExampleUITests.debug.xcconfig */,
				E91F33CD7A870F3DA0D7C998 /* Pods-Example-ExampleUITests.release.xcconfig */,
				089875B8F08134857342D89A /* Pods-HelloCustomer.debug.xcconfig */,
				1EBEBB3105B409F08FA77893 /* Pods-HelloCustomer.release.xcconfig */,
				FC5601D81667120231AA1290 /* Pods-HelloCustomer-HelloCustomerTests.debug.xcconfig */,
				900C04BB0A30361472AE2F53 /* Pods-HelloCustomer-HelloCustomerTests.release.xcconfig */,
			);
			path = Pods;
			sourceTree = "<group>";
		};
		AE00B40B26AC1CEB002D200C /* Source */ = {
			isa = PBXGroup;
			children = (
				AEDD251626AF19ED000A230C /* Model */,
				AECFFC1426F5C90A00657C12 /* Data */,
				AEE42E4126B08FA70019D2D8 /* Extensions */,
				AE00B44726AC3816002D200C /* View */,
				AE00B43826AC2F4E002D200C /* Modal */,
				AEF5F11926AC142200D4822D /* HelloCustomerTouchPoint.swift */,
				AECFFC1C26F5CFE100657C12 /* HelloCustomerTouchPointConfig.swift */,
				AE8ABB6726B52C03005E56DF /* HCLogger.swift */,
			);
			path = Source;
			sourceTree = "<group>";
		};
		AE00B43826AC2F4E002D200C /* Modal */ = {
			isa = PBXGroup;
			children = (
				AE00B41326AC1FEA002D200C /* QuestionModal.swift */,
				AE00B43226AC2BE4002D200C /* BottomSheetModalViewController.swift */,
				AE8ABB6126B52B2B005E56DF /* DialogModalViewController.swift */,
			);
			path = Modal;
			sourceTree = "<group>";
		};
		AE00B44726AC3816002D200C /* View */ = {
			isa = PBXGroup;
			children = (
				AE00B46226AC5E01002D200C /* AbstractBottomSheetViewController.swift */,
				AE00B44826AC3834002D200C /* ModalQuestionView.swift */,
				AE00B4A026ADC35F002D200C /* BottomHintLabelsView.swift */,
				AEDD251026AF1945000A230C /* ScoreButton.swift */,
				AE00B4A626ADD115002D200C /* ScorePickerView.swift */,
				AE8ABB6E26B5712F005E56DF /* SurveyView.swift */,
			);
			path = View;
			sourceTree = "<group>";
		};
		AEA9D35326F75CB100CE81C2 /* Fonts */ = {
			isa = PBXGroup;
			children = (
				AEA9D35426F75CBF00CE81C2 /* earwig.ttf */,
				AEA9D35626F75FDB00CE81C2 /* comici.ttf */,
			);
			path = Fonts;
			sourceTree = "<group>";
		};
		AECFFC1426F5C90A00657C12 /* Data */ = {
			isa = PBXGroup;
			children = (
				AECFFC1826F5CDFA00657C12 /* Dto */,
				AE8ABB7826B69CB2005E56DF /* TouchPointService.swift */,
				AEA9D34926F5F98B00CE81C2 /* TouchpointConfigResolver.swift */,
				AEA9D34B26F5F9BC00CE81C2 /* UserLocaleProvider.swift */,
				AEA9D34F26F744CF00CE81C2 /* QuestionaireUrlBuilder.swift */,
				AEB6E66D270F4BF200B75F2B /* ScoreButtonColorResolver.swift */,
			);
			path = Data;
			sourceTree = "<group>";
		};
		AECFFC1826F5CDFA00657C12 /* Dto */ = {
			isa = PBXGroup;
			children = (
				AECFFC1626F5CA2B00657C12 /* SurveyQuestionDto.swift */,
				AECFFC1A26F5CF6D00657C12 /* SurveyLanguageDesignDto.swift */,
				AECFFC1E26F5D5D200657C12 /* SurveyDto.swift */,
			);
			path = Dto;
			sourceTree = "<group>";
		};
		AEDD251626AF19ED000A230C /* Model */ = {
			isa = PBXGroup;
			children = (
				AEDD251726AF19FC000A230C /* QuestionType.swift */,
				AE11A7DE26B19E0B00FBFA8B /* ModalConfig.swift */,
			);
			path = Model;
			sourceTree = "<group>";
		};
		AEE42E4126B08FA70019D2D8 /* Extensions */ = {
			isa = PBXGroup;
			children = (
				AEE42E4226B08FB90019D2D8 /* UIColor.swift */,
				AEA9D34D26F6221900CE81C2 /* UIColorInputError.swift */,
				AEA19E86272C070E003C49C3 /* UILabel.swift */,
			);
			path = Extensions;
			sourceTree = "<group>";
		};
		AEF2DB522700928000251535 /* Source */ = {
			isa = PBXGroup;
			children = (
				AEF2DB532700929D00251535 /* Data */,
			);
			path = Source;
			sourceTree = "<group>";
		};
		AEF2DB532700929D00251535 /* Data */ = {
			isa = PBXGroup;
			children = (
			);
			path = Data;
			sourceTree = "<group>";
		};
		AEF5F0B126AC137300D4822D = {
			isa = PBXGroup;
			children = (
				AEF5F0BD26AC137300D4822D /* HelloCustomer */,
				AEF5F0C826AC137400D4822D /* HelloCustomerTests */,
				AEF5F0DC26AC13F000D4822D /* Example */,
				AEF5F0FE26AC13F400D4822D /* ExampleUITests */,
				AEF5F0BC26AC137300D4822D /* Products */,
				A1607DEC4D08CD1F4A610D92 /* Pods */,
				9D7F426D1FA97892D4B3D02B /* Frameworks */,
			);
			sourceTree = "<group>";
		};
		AEF5F0BC26AC137300D4822D /* Products */ = {
			isa = PBXGroup;
			children = (
				AEF5F0BB26AC137300D4822D /* HelloCustomer.framework */,
				AEF5F0C426AC137400D4822D /* HelloCustomerTests.xctest */,
				AEF5F0DB26AC13F000D4822D /* Example.app */,
				AEF5F0FB26AC13F400D4822D /* ExampleUITests.xctest */,
			);
			name = Products;
			sourceTree = "<group>";
		};
		AEF5F0BD26AC137300D4822D /* HelloCustomer */ = {
			isa = PBXGroup;
			children = (
				AE00B40B26AC1CEB002D200C /* Source */,
				AEF5F0BE26AC137300D4822D /* HelloCustomer.h */,
				AEF5F0BF26AC137300D4822D /* Sdk-Info.plist */,
				AE00B48626AC6258002D200C /* Assets.xcassets */,
			);
			path = HelloCustomer;
			sourceTree = "<group>";
		};
		AEF5F0C826AC137400D4822D /* HelloCustomerTests */ = {
			isa = PBXGroup;
			children = (
				AEF2DB522700928000251535 /* Source */,
				AEF5F0C926AC137400D4822D /* HelloCustomerTests.swift */,
				AEF5F0CB26AC137400D4822D /* Info.plist */,
			);
			path = HelloCustomerTests;
			sourceTree = "<group>";
		};
		AEF5F0DC26AC13F000D4822D /* Example */ = {
			isa = PBXGroup;
			children = (
				AEA9D35326F75CB100CE81C2 /* Fonts */,
				AEF5F0DD26AC13F000D4822D /* AppDelegate.swift */,
				AEF5F0E126AC13F000D4822D /* ViewController.swift */,
				AEF5F0E326AC13F000D4822D /* Main.storyboard */,
				AEF5F0E626AC13F300D4822D /* Assets.xcassets */,
				AEF5F0E826AC13F300D4822D /* LaunchScreen.storyboard */,
				AEF5F0EB26AC13F300D4822D /* Info.plist */,
				AE93E3462791C99B00831BED /* touchpoint.plist */,
				AE93E3482791F53100831BED /* touchpoint-example.plist */,
			);
			path = Example;
			sourceTree = "<group>";
		};
		AEF5F0FE26AC13F400D4822D /* ExampleUITests */ = {
			isa = PBXGroup;
			children = (
				AEF5F0FF26AC13F400D4822D /* ExampleUITests.swift */,
				AEF5F10126AC13F400D4822D /* Info.plist */,
			);
			path = ExampleUITests;
			sourceTree = "<group>";
		};
/* End PBXGroup section */

/* Begin PBXHeadersBuildPhase section */
		AEF5F0B626AC137300D4822D /* Headers */ = {
			isa = PBXHeadersBuildPhase;
			buildActionMask = 2147483647;
			files = (
				AEF5F0CC26AC137400D4822D /* HelloCustomer.h in Headers */,
			);
			runOnlyForDeploymentPostprocessing = 0;
		};
/* End PBXHeadersBuildPhase section */

/* Begin PBXNativeTarget section */
		AEF5F0BA26AC137300D4822D /* HelloCustomer */ = {
			isa = PBXNativeTarget;
			buildConfigurationList = AEF5F0CF26AC137400D4822D /* Build configuration list for PBXNativeTarget "HelloCustomer" */;
			buildPhases = (
				E835B0DE9DAEEC6D24574067 /* [CP] Check Pods Manifest.lock */,
				AEF5F0B626AC137300D4822D /* Headers */,
				AEF5F0B726AC137300D4822D /* Sources */,
				AEF5F0B826AC137300D4822D /* Frameworks */,
				AEF5F0B926AC137300D4822D /* Resources */,
			);
			buildRules = (
			);
			dependencies = (
			);
			name = HelloCustomer;
			productName = HelloCustomer;
			productReference = AEF5F0BB26AC137300D4822D /* HelloCustomer.framework */;
			productType = "com.apple.product-type.framework";
		};
		AEF5F0C326AC137400D4822D /* HelloCustomerTests */ = {
			isa = PBXNativeTarget;
			buildConfigurationList = AEF5F0D226AC137400D4822D /* Build configuration list for PBXNativeTarget "HelloCustomerTests" */;
			buildPhases = (
				A6EBEB9FC0DE259B984D4B98 /* [CP] Check Pods Manifest.lock */,
				AE00B3F826AC1903002D200C /* SwiftLint */,
				AEF5F0C026AC137400D4822D /* Sources */,
				AEF5F0C126AC137400D4822D /* Frameworks */,
				AEF5F0C226AC137400D4822D /* Resources */,
				38C7665822D29F30AEF37471 /* [CP] Embed Pods Frameworks */,
			);
			buildRules = (
			);
			dependencies = (
				AEF5F0C726AC137400D4822D /* PBXTargetDependency */,
			);
			name = HelloCustomerTests;
			productName = HelloCustomerTests;
			productReference = AEF5F0C426AC137400D4822D /* HelloCustomerTests.xctest */;
			productType = "com.apple.product-type.bundle.unit-test";
		};
		AEF5F0DA26AC13F000D4822D /* Example */ = {
			isa = PBXNativeTarget;
			buildConfigurationList = AEF5F10226AC13F400D4822D /* Build configuration list for PBXNativeTarget "Example" */;
			buildPhases = (
				19F5B70BA31E9F7E669CADA5 /* [CP] Check Pods Manifest.lock */,
				AEF5F0D726AC13F000D4822D /* Sources */,
				AEF5F0D826AC13F000D4822D /* Frameworks */,
				AEF5F0D926AC13F000D4822D /* Resources */,
				CDF525292517F7FFA08C8265 /* [CP] Embed Pods Frameworks */,
			);
			buildRules = (
			);
			dependencies = (
			);
			name = Example;
			productName = Example;
			productReference = AEF5F0DB26AC13F000D4822D /* Example.app */;
			productType = "com.apple.product-type.application";
		};
		AEF5F0FA26AC13F400D4822D /* ExampleUITests */ = {
			isa = PBXNativeTarget;
			buildConfigurationList = AEF5F10826AC13F400D4822D /* Build configuration list for PBXNativeTarget "ExampleUITests" */;
			buildPhases = (
				F21D8F9116E618B885140139 /* [CP] Check Pods Manifest.lock */,
				AEF5F0F726AC13F400D4822D /* Sources */,
				AEF5F0F826AC13F400D4822D /* Frameworks */,
				AEF5F0F926AC13F400D4822D /* Resources */,
				E7D1454F1B1BD4065ECA2544 /* [CP] Embed Pods Frameworks */,
			);
			buildRules = (
			);
			dependencies = (
				AEF5F0FD26AC13F400D4822D /* PBXTargetDependency */,
			);
			name = ExampleUITests;
			productName = ExampleUITests;
			productReference = AEF5F0FB26AC13F400D4822D /* ExampleUITests.xctest */;
			productType = "com.apple.product-type.bundle.ui-testing";
		};
/* End PBXNativeTarget section */

/* Begin PBXProject section */
		AEF5F0B226AC137300D4822D /* Project object */ = {
			isa = PBXProject;
			attributes = {
				LastSwiftUpdateCheck = 1240;
				LastUpgradeCheck = 1240;
				TargetAttributes = {
					AEF5F0BA26AC137300D4822D = {
						CreatedOnToolsVersion = 12.4;
						LastSwiftMigration = 1240;
					};
					AEF5F0C326AC137400D4822D = {
						CreatedOnToolsVersion = 12.4;
					};
					AEF5F0DA26AC13F000D4822D = {
						CreatedOnToolsVersion = 12.4;
					};
					AEF5F0FA26AC13F400D4822D = {
						CreatedOnToolsVersion = 12.4;
						TestTargetID = AEF5F0DA26AC13F000D4822D;
					};
				};
			};
			buildConfigurationList = AEF5F0B526AC137300D4822D /* Build configuration list for PBXProject "HelloCustomer" */;
			compatibilityVersion = "Xcode 9.3";
			developmentRegion = en;
			hasScannedForEncodings = 0;
			knownRegions = (
				en,
				Base,
			);
			mainGroup = AEF5F0B126AC137300D4822D;
			productRefGroup = AEF5F0BC26AC137300D4822D /* Products */;
			projectDirPath = "";
			projectRoot = "";
			targets = (
				AEF5F0BA26AC137300D4822D /* HelloCustomer */,
				AEF5F0C326AC137400D4822D /* HelloCustomerTests */,
				AEF5F0DA26AC13F000D4822D /* Example */,
				AEF5F0FA26AC13F400D4822D /* ExampleUITests */,
			);
		};
/* End PBXProject section */

/* Begin PBXResourcesBuildPhase section */
		AEF5F0B926AC137300D4822D /* Resources */ = {
			isa = PBXResourcesBuildPhase;
			buildActionMask = 2147483647;
			files = (
				AE57757F26FFBC6B00093A68 /* Sdk-Info.plist in Resources */,
				AE00B48726AC6258002D200C /* Assets.xcassets in Resources */,
			);
			runOnlyForDeploymentPostprocessing = 0;
		};
		AEF5F0C226AC137400D4822D /* Resources */ = {
			isa = PBXResourcesBuildPhase;
			buildActionMask = 2147483647;
			files = (
			);
			runOnlyForDeploymentPostprocessing = 0;
		};
		AEF5F0D926AC13F000D4822D /* Resources */ = {
			isa = PBXResourcesBuildPhase;
			buildActionMask = 2147483647;
			files = (
				AEF5F0EA26AC13F300D4822D /* LaunchScreen.storyboard in Resources */,
				AE93E3472791C99B00831BED /* touchpoint.plist in Resources */,
				AEA9D35526F75CBF00CE81C2 /* earwig.ttf in Resources */,
				AEF5F0E726AC13F300D4822D /* Assets.xcassets in Resources */,
				AE93E3492791F53100831BED /* touchpoint-example.plist in Resources */,
				AEF5F0E526AC13F000D4822D /* Main.storyboard in Resources */,
				AEA9D35726F75FDB00CE81C2 /* comici.ttf in Resources */,
			);
			runOnlyForDeploymentPostprocessing = 0;
		};
		AEF5F0F926AC13F400D4822D /* Resources */ = {
			isa = PBXResourcesBuildPhase;
			buildActionMask = 2147483647;
			files = (
			);
			runOnlyForDeploymentPostprocessing = 0;
		};
/* End PBXResourcesBuildPhase section */

/* Begin PBXShellScriptBuildPhase section */
		19F5B70BA31E9F7E669CADA5 /* [CP] Check Pods Manifest.lock */ = {
			isa = PBXShellScriptBuildPhase;
			buildActionMask = 2147483647;
			files = (
			);
			inputFileListPaths = (
			);
			inputPaths = (
				"${PODS_PODFILE_DIR_PATH}/Podfile.lock",
				"${PODS_ROOT}/Manifest.lock",
			);
			name = "[CP] Check Pods Manifest.lock";
			outputFileListPaths = (
			);
			outputPaths = (
				"$(DERIVED_FILE_DIR)/Pods-Example-checkManifestLockResult.txt",
			);
			runOnlyForDeploymentPostprocessing = 0;
			shellPath = /bin/sh;
			shellScript = "diff \"${PODS_PODFILE_DIR_PATH}/Podfile.lock\" \"${PODS_ROOT}/Manifest.lock\" > /dev/null\nif [ $? != 0 ] ; then\n    # print error to STDERR\n    echo \"error: The sandbox is not in sync with the Podfile.lock. Run 'pod install' or update your CocoaPods installation.\" >&2\n    exit 1\nfi\n# This output is used by Xcode 'outputs' to avoid re-running this script phase.\necho \"SUCCESS\" > \"${SCRIPT_OUTPUT_FILE_0}\"\n";
			showEnvVarsInLog = 0;
		};
		38C7665822D29F30AEF37471 /* [CP] Embed Pods Frameworks */ = {
			isa = PBXShellScriptBuildPhase;
			buildActionMask = 2147483647;
			files = (
			);
			inputFileListPaths = (
				"${PODS_ROOT}/Target Support Files/Pods-HelloCustomer-HelloCustomerTests/Pods-HelloCustomer-HelloCustomerTests-frameworks-${CONFIGURATION}-input-files.xcfilelist",
			);
			name = "[CP] Embed Pods Frameworks";
			outputFileListPaths = (
				"${PODS_ROOT}/Target Support Files/Pods-HelloCustomer-HelloCustomerTests/Pods-HelloCustomer-HelloCustomerTests-frameworks-${CONFIGURATION}-output-files.xcfilelist",
			);
			runOnlyForDeploymentPostprocessing = 0;
			shellPath = /bin/sh;
			shellScript = "\"${PODS_ROOT}/Target Support Files/Pods-HelloCustomer-HelloCustomerTests/Pods-HelloCustomer-HelloCustomerTests-frameworks.sh\"\n";
			showEnvVarsInLog = 0;
		};
		A6EBEB9FC0DE259B984D4B98 /* [CP] Check Pods Manifest.lock */ = {
			isa = PBXShellScriptBuildPhase;
			buildActionMask = 2147483647;
			files = (
			);
			inputFileListPaths = (
			);
			inputPaths = (
				"${PODS_PODFILE_DIR_PATH}/Podfile.lock",
				"${PODS_ROOT}/Manifest.lock",
			);
			name = "[CP] Check Pods Manifest.lock";
			outputFileListPaths = (
			);
			outputPaths = (
				"$(DERIVED_FILE_DIR)/Pods-HelloCustomer-HelloCustomerTests-checkManifestLockResult.txt",
			);
			runOnlyForDeploymentPostprocessing = 0;
			shellPath = /bin/sh;
			shellScript = "diff \"${PODS_PODFILE_DIR_PATH}/Podfile.lock\" \"${PODS_ROOT}/Manifest.lock\" > /dev/null\nif [ $? != 0 ] ; then\n    # print error to STDERR\n    echo \"error: The sandbox is not in sync with the Podfile.lock. Run 'pod install' or update your CocoaPods installation.\" >&2\n    exit 1\nfi\n# This output is used by Xcode 'outputs' to avoid re-running this script phase.\necho \"SUCCESS\" > \"${SCRIPT_OUTPUT_FILE_0}\"\n";
			showEnvVarsInLog = 0;
		};
		AE00B3F826AC1903002D200C /* SwiftLint */ = {
			isa = PBXShellScriptBuildPhase;
			buildActionMask = 2147483647;
			files = (
			);
			inputFileListPaths = (
			);
			inputPaths = (
			);
			name = SwiftLint;
			outputFileListPaths = (
			);
			outputPaths = (
			);
			runOnlyForDeploymentPostprocessing = 0;
			shellPath = /bin/sh;
			shellScript = "\"${PODS_ROOT}/SwiftLint/swiftlint\"\n";
		};
		CDF525292517F7FFA08C8265 /* [CP] Embed Pods Frameworks */ = {
			isa = PBXShellScriptBuildPhase;
			buildActionMask = 2147483647;
			files = (
			);
			inputFileListPaths = (
				"${PODS_ROOT}/Target Support Files/Pods-Example/Pods-Example-frameworks-${CONFIGURATION}-input-files.xcfilelist",
			);
			name = "[CP] Embed Pods Frameworks";
			outputFileListPaths = (
				"${PODS_ROOT}/Target Support Files/Pods-Example/Pods-Example-frameworks-${CONFIGURATION}-output-files.xcfilelist",
			);
			runOnlyForDeploymentPostprocessing = 0;
			shellPath = /bin/sh;
			shellScript = "\"${PODS_ROOT}/Target Support Files/Pods-Example/Pods-Example-frameworks.sh\"\n";
			showEnvVarsInLog = 0;
		};
		E7D1454F1B1BD4065ECA2544 /* [CP] Embed Pods Frameworks */ = {
			isa = PBXShellScriptBuildPhase;
			buildActionMask = 2147483647;
			files = (
			);
			inputFileListPaths = (
				"${PODS_ROOT}/Target Support Files/Pods-Example-ExampleUITests/Pods-Example-ExampleUITests-frameworks-${CONFIGURATION}-input-files.xcfilelist",
			);
			name = "[CP] Embed Pods Frameworks";
			outputFileListPaths = (
				"${PODS_ROOT}/Target Support Files/Pods-Example-ExampleUITests/Pods-Example-ExampleUITests-frameworks-${CONFIGURATION}-output-files.xcfilelist",
			);
			runOnlyForDeploymentPostprocessing = 0;
			shellPath = /bin/sh;
			shellScript = "\"${PODS_ROOT}/Target Support Files/Pods-Example-ExampleUITests/Pods-Example-ExampleUITests-frameworks.sh\"\n";
			showEnvVarsInLog = 0;
		};
		E835B0DE9DAEEC6D24574067 /* [CP] Check Pods Manifest.lock */ = {
			isa = PBXShellScriptBuildPhase;
			buildActionMask = 2147483647;
			files = (
			);
			inputFileListPaths = (
			);
			inputPaths = (
				"${PODS_PODFILE_DIR_PATH}/Podfile.lock",
				"${PODS_ROOT}/Manifest.lock",
			);
			name = "[CP] Check Pods Manifest.lock";
			outputFileListPaths = (
			);
			outputPaths = (
				"$(DERIVED_FILE_DIR)/Pods-HelloCustomer-checkManifestLockResult.txt",
			);
			runOnlyForDeploymentPostprocessing = 0;
			shellPath = /bin/sh;
			shellScript = "diff \"${PODS_PODFILE_DIR_PATH}/Podfile.lock\" \"${PODS_ROOT}/Manifest.lock\" > /dev/null\nif [ $? != 0 ] ; then\n    # print error to STDERR\n    echo \"error: The sandbox is not in sync with the Podfile.lock. Run 'pod install' or update your CocoaPods installation.\" >&2\n    exit 1\nfi\n# This output is used by Xcode 'outputs' to avoid re-running this script phase.\necho \"SUCCESS\" > \"${SCRIPT_OUTPUT_FILE_0}\"\n";
			showEnvVarsInLog = 0;
		};
		F21D8F9116E618B885140139 /* [CP] Check Pods Manifest.lock */ = {
			isa = PBXShellScriptBuildPhase;
			buildActionMask = 2147483647;
			files = (
			);
			inputFileListPaths = (
			);
			inputPaths = (
				"${PODS_PODFILE_DIR_PATH}/Podfile.lock",
				"${PODS_ROOT}/Manifest.lock",
			);
			name = "[CP] Check Pods Manifest.lock";
			outputFileListPaths = (
			);
			outputPaths = (
				"$(DERIVED_FILE_DIR)/Pods-Example-ExampleUITests-checkManifestLockResult.txt",
			);
			runOnlyForDeploymentPostprocessing = 0;
			shellPath = /bin/sh;
			shellScript = "diff \"${PODS_PODFILE_DIR_PATH}/Podfile.lock\" \"${PODS_ROOT}/Manifest.lock\" > /dev/null\nif [ $? != 0 ] ; then\n    # print error to STDERR\n    echo \"error: The sandbox is not in sync with the Podfile.lock. Run 'pod install' or update your CocoaPods installation.\" >&2\n    exit 1\nfi\n# This output is used by Xcode 'outputs' to avoid re-running this script phase.\necho \"SUCCESS\" > \"${SCRIPT_OUTPUT_FILE_0}\"\n";
			showEnvVarsInLog = 0;
		};
/* End PBXShellScriptBuildPhase section */

/* Begin PBXSourcesBuildPhase section */
		AEF5F0B726AC137300D4822D /* Sources */ = {
			isa = PBXSourcesBuildPhase;
			buildActionMask = 2147483647;
			files = (
				AE00B43326AC2BE4002D200C /* BottomSheetModalViewController.swift in Sources */,
				AEA9D34E26F6221900CE81C2 /* UIColorInputError.swift in Sources */,
				AE11A7DF26B19E0B00FBFA8B /* ModalConfig.swift in Sources */,
				AEE42E4326B08FB90019D2D8 /* UIColor.swift in Sources */,
				AECFFC1F26F5D5D200657C12 /* SurveyDto.swift in Sources */,
				AECFFC1D26F5CFE100657C12 /* HelloCustomerTouchPointConfig.swift in Sources */,
				AE00B4A726ADD115002D200C /* ScorePickerView.swift in Sources */,
				AE8ABB6F26B5712F005E56DF /* SurveyView.swift in Sources */,
				AEDD251126AF1945000A230C /* ScoreButton.swift in Sources */,
				AEA9D35026F744CF00CE81C2 /* QuestionaireUrlBuilder.swift in Sources */,
				AEF5F11A26AC142200D4822D /* HelloCustomerTouchPoint.swift in Sources */,
				AE8ABB6826B52C03005E56DF /* HCLogger.swift in Sources */,
				AECFFC1B26F5CF6D00657C12 /* SurveyLanguageDesignDto.swift in Sources */,
				AE00B44926AC3834002D200C /* ModalQuestionView.swift in Sources */,
				AEA19E87272C070E003C49C3 /* UILabel.swift in Sources */,
				AE00B4A126ADC35F002D200C /* BottomHintLabelsView.swift in Sources */,
				AE8ABB6226B52B2B005E56DF /* DialogModalViewController.swift in Sources */,
				AE8ABB7926B69CB2005E56DF /* TouchPointService.swift in Sources */,
				AEA9D34C26F5F9BC00CE81C2 /* UserLocaleProvider.swift in Sources */,
				AEB6E66E270F4BF200B75F2B /* ScoreButtonColorResolver.swift in Sources */,
				AEA9D34A26F5F98B00CE81C2 /* TouchpointConfigResolver.swift in Sources */,
				AECFFC1726F5CA2B00657C12 /* SurveyQuestionDto.swift in Sources */,
				AE00B41426AC1FEA002D200C /* QuestionModal.swift in Sources */,
				AE00B46326AC5E01002D200C /* AbstractBottomSheetViewController.swift in Sources */,
				AEDD251826AF19FC000A230C /* QuestionType.swift in Sources */,
			);
			runOnlyForDeploymentPostprocessing = 0;
		};
		AEF5F0C026AC137400D4822D /* Sources */ = {
			isa = PBXSourcesBuildPhase;
			buildActionMask = 2147483647;
			files = (
				AEF5F0CA26AC137400D4822D /* HelloCustomerTests.swift in Sources */,
			);
			runOnlyForDeploymentPostprocessing = 0;
		};
		AEF5F0D726AC13F000D4822D /* Sources */ = {
			isa = PBXSourcesBuildPhase;
			buildActionMask = 2147483647;
			files = (
				AEF5F0E226AC13F000D4822D /* ViewController.swift in Sources */,
				AEF5F0DE26AC13F000D4822D /* AppDelegate.swift in Sources */,
			);
			runOnlyForDeploymentPostprocessing = 0;
		};
		AEF5F0F726AC13F400D4822D /* Sources */ = {
			isa = PBXSourcesBuildPhase;
			buildActionMask = 2147483647;
			files = (
				AEF5F10026AC13F400D4822D /* ExampleUITests.swift in Sources */,
			);
			runOnlyForDeploymentPostprocessing = 0;
		};
/* End PBXSourcesBuildPhase section */

/* Begin PBXTargetDependency section */
		AEF5F0C726AC137400D4822D /* PBXTargetDependency */ = {
			isa = PBXTargetDependency;
			target = AEF5F0BA26AC137300D4822D /* HelloCustomer */;
			targetProxy = AEF5F0C626AC137400D4822D /* PBXContainerItemProxy */;
		};
		AEF5F0FD26AC13F400D4822D /* PBXTargetDependency */ = {
			isa = PBXTargetDependency;
			target = AEF5F0DA26AC13F000D4822D /* Example */;
			targetProxy = AEF5F0FC26AC13F400D4822D /* PBXContainerItemProxy */;
		};
/* End PBXTargetDependency section */

/* Begin PBXVariantGroup section */
		AEF5F0E326AC13F000D4822D /* Main.storyboard */ = {
			isa = PBXVariantGroup;
			children = (
				AEF5F0E426AC13F000D4822D /* Base */,
			);
			name = Main.storyboard;
			sourceTree = "<group>";
		};
		AEF5F0E826AC13F300D4822D /* LaunchScreen.storyboard */ = {
			isa = PBXVariantGroup;
			children = (
				AEF5F0E926AC13F300D4822D /* Base */,
			);
			name = LaunchScreen.storyboard;
			sourceTree = "<group>";
		};
/* End PBXVariantGroup section */

/* Begin XCBuildConfiguration section */
		AEF5F0CD26AC137400D4822D /* Debug */ = {
			isa = XCBuildConfiguration;
			buildSettings = {
				ALWAYS_SEARCH_USER_PATHS = NO;
				CLANG_ANALYZER_NONNULL = YES;
				CLANG_ANALYZER_NUMBER_OBJECT_CONVERSION = YES_AGGRESSIVE;
				CLANG_CXX_LANGUAGE_STANDARD = "gnu++14";
				CLANG_CXX_LIBRARY = "libc++";
				CLANG_ENABLE_MODULES = YES;
				CLANG_ENABLE_OBJC_ARC = YES;
				CLANG_ENABLE_OBJC_WEAK = YES;
				CLANG_WARN_BLOCK_CAPTURE_AUTORELEASING = YES;
				CLANG_WARN_BOOL_CONVERSION = YES;
				CLANG_WARN_COMMA = YES;
				CLANG_WARN_CONSTANT_CONVERSION = YES;
				CLANG_WARN_DEPRECATED_OBJC_IMPLEMENTATIONS = YES;
				CLANG_WARN_DIRECT_OBJC_ISA_USAGE = YES_ERROR;
				CLANG_WARN_DOCUMENTATION_COMMENTS = YES;
				CLANG_WARN_EMPTY_BODY = YES;
				CLANG_WARN_ENUM_CONVERSION = YES;
				CLANG_WARN_INFINITE_RECURSION = YES;
				CLANG_WARN_INT_CONVERSION = YES;
				CLANG_WARN_NON_LITERAL_NULL_CONVERSION = YES;
				CLANG_WARN_OBJC_IMPLICIT_RETAIN_SELF = YES;
				CLANG_WARN_OBJC_LITERAL_CONVERSION = YES;
				CLANG_WARN_OBJC_ROOT_CLASS = YES_ERROR;
				CLANG_WARN_QUOTED_INCLUDE_IN_FRAMEWORK_HEADER = YES;
				CLANG_WARN_RANGE_LOOP_ANALYSIS = YES;
				CLANG_WARN_STRICT_PROTOTYPES = YES;
				CLANG_WARN_SUSPICIOUS_MOVE = YES;
				CLANG_WARN_UNGUARDED_AVAILABILITY = YES_AGGRESSIVE;
				CLANG_WARN_UNREACHABLE_CODE = YES;
				CLANG_WARN__DUPLICATE_METHOD_MATCH = YES;
				COPY_PHASE_STRIP = NO;
				CURRENT_PROJECT_VERSION = 1;
				DEBUG_INFORMATION_FORMAT = dwarf;
				ENABLE_STRICT_OBJC_MSGSEND = YES;
				ENABLE_TESTABILITY = YES;
				GCC_C_LANGUAGE_STANDARD = gnu11;
				GCC_DYNAMIC_NO_PIC = NO;
				GCC_NO_COMMON_BLOCKS = YES;
				GCC_OPTIMIZATION_LEVEL = 0;
				GCC_PREPROCESSOR_DEFINITIONS = (
					"DEBUG=1",
					"$(inherited)",
				);
				GCC_WARN_64_TO_32_BIT_CONVERSION = YES;
				GCC_WARN_ABOUT_RETURN_TYPE = YES_ERROR;
				GCC_WARN_UNDECLARED_SELECTOR = YES;
				GCC_WARN_UNINITIALIZED_AUTOS = YES_AGGRESSIVE;
				GCC_WARN_UNUSED_FUNCTION = YES;
				GCC_WARN_UNUSED_VARIABLE = YES;
				IPHONEOS_DEPLOYMENT_TARGET = 14.4;
				MTL_ENABLE_DEBUG_INFO = INCLUDE_SOURCE;
				MTL_FAST_MATH = YES;
				ONLY_ACTIVE_ARCH = YES;
				SDKROOT = iphoneos;
				SWIFT_ACTIVE_COMPILATION_CONDITIONS = DEBUG;
				SWIFT_OPTIMIZATION_LEVEL = "-Onone";
				VERSIONING_SYSTEM = "apple-generic";
				VERSION_INFO_PREFIX = "";
			};
			name = Debug;
		};
		AEF5F0CE26AC137400D4822D /* Release */ = {
			isa = XCBuildConfiguration;
			buildSettings = {
				ALWAYS_SEARCH_USER_PATHS = NO;
				CLANG_ANALYZER_NONNULL = YES;
				CLANG_ANALYZER_NUMBER_OBJECT_CONVERSION = YES_AGGRESSIVE;
				CLANG_CXX_LANGUAGE_STANDARD = "gnu++14";
				CLANG_CXX_LIBRARY = "libc++";
				CLANG_ENABLE_MODULES = YES;
				CLANG_ENABLE_OBJC_ARC = YES;
				CLANG_ENABLE_OBJC_WEAK = YES;
				CLANG_WARN_BLOCK_CAPTURE_AUTORELEASING = YES;
				CLANG_WARN_BOOL_CONVERSION = YES;
				CLANG_WARN_COMMA = YES;
				CLANG_WARN_CONSTANT_CONVERSION = YES;
				CLANG_WARN_DEPRECATED_OBJC_IMPLEMENTATIONS = YES;
				CLANG_WARN_DIRECT_OBJC_ISA_USAGE = YES_ERROR;
				CLANG_WARN_DOCUMENTATION_COMMENTS = YES;
				CLANG_WARN_EMPTY_BODY = YES;
				CLANG_WARN_ENUM_CONVERSION = YES;
				CLANG_WARN_INFINITE_RECURSION = YES;
				CLANG_WARN_INT_CONVERSION = YES;
				CLANG_WARN_NON_LITERAL_NULL_CONVERSION = YES;
				CLANG_WARN_OBJC_IMPLICIT_RETAIN_SELF = YES;
				CLANG_WARN_OBJC_LITERAL_CONVERSION = YES;
				CLANG_WARN_OBJC_ROOT_CLASS = YES_ERROR;
				CLANG_WARN_QUOTED_INCLUDE_IN_FRAMEWORK_HEADER = YES;
				CLANG_WARN_RANGE_LOOP_ANALYSIS = YES;
				CLANG_WARN_STRICT_PROTOTYPES = YES;
				CLANG_WARN_SUSPICIOUS_MOVE = YES;
				CLANG_WARN_UNGUARDED_AVAILABILITY = YES_AGGRESSIVE;
				CLANG_WARN_UNREACHABLE_CODE = YES;
				CLANG_WARN__DUPLICATE_METHOD_MATCH = YES;
				COPY_PHASE_STRIP = NO;
				CURRENT_PROJECT_VERSION = 1;
				DEBUG_INFORMATION_FORMAT = "dwarf-with-dsym";
				ENABLE_NS_ASSERTIONS = NO;
				ENABLE_STRICT_OBJC_MSGSEND = YES;
				GCC_C_LANGUAGE_STANDARD = gnu11;
				GCC_NO_COMMON_BLOCKS = YES;
				GCC_WARN_64_TO_32_BIT_CONVERSION = YES;
				GCC_WARN_ABOUT_RETURN_TYPE = YES_ERROR;
				GCC_WARN_UNDECLARED_SELECTOR = YES;
				GCC_WARN_UNINITIALIZED_AUTOS = YES_AGGRESSIVE;
				GCC_WARN_UNUSED_FUNCTION = YES;
				GCC_WARN_UNUSED_VARIABLE = YES;
				IPHONEOS_DEPLOYMENT_TARGET = 14.4;
				MTL_ENABLE_DEBUG_INFO = NO;
				MTL_FAST_MATH = YES;
				SDKROOT = iphoneos;
				SWIFT_COMPILATION_MODE = wholemodule;
				SWIFT_OPTIMIZATION_LEVEL = "-O";
				VALIDATE_PRODUCT = YES;
				VERSIONING_SYSTEM = "apple-generic";
				VERSION_INFO_PREFIX = "";
			};
			name = Release;
		};
		AEF5F0D026AC137400D4822D /* Debug */ = {
			isa = XCBuildConfiguration;
			baseConfigurationReference = 089875B8F08134857342D89A /* Pods-HelloCustomer.debug.xcconfig */;
			buildSettings = {
				CLANG_ENABLE_MODULES = YES;
				CODE_SIGN_IDENTITY = "Apple Development";
				CODE_SIGN_STYLE = Automatic;
				DEFINES_MODULE = YES;
				DEVELOPMENT_TEAM = N924Z73LYH;
				DYLIB_COMPATIBILITY_VERSION = 1;
				DYLIB_CURRENT_VERSION = 1;
				DYLIB_INSTALL_NAME_BASE = "@rpath";
				INFOPLIST_FILE = "HelloCustomer/Sdk-Info.plist";
				INSTALL_PATH = "$(LOCAL_LIBRARY_DIR)/Frameworks";
				IPHONEOS_DEPLOYMENT_TARGET = 11.0;
				LD_RUNPATH_SEARCH_PATHS = (
					"$(inherited)",
					"@executable_path/Frameworks",
					"@loader_path/Frameworks",
				);
				PRODUCT_BUNDLE_IDENTIFIER = "hello-customer.HelloCustomer";
				PRODUCT_NAME = "$(TARGET_NAME:c99extidentifier)";
				SKIP_INSTALL = YES;
				SUPPORTS_MACCATALYST = NO;
				SWIFT_OPTIMIZATION_LEVEL = "-Onone";
				SWIFT_VERSION = 5.0;
				TARGETED_DEVICE_FAMILY = "1,2";
			};
			name = Debug;
		};
		AEF5F0D126AC137400D4822D /* Release */ = {
			isa = XCBuildConfiguration;
			baseConfigurationReference = 1EBEBB3105B409F08FA77893 /* Pods-HelloCustomer.release.xcconfig */;
			buildSettings = {
				CLANG_ENABLE_MODULES = YES;
				CODE_SIGN_IDENTITY = "Apple Development";
				CODE_SIGN_STYLE = Automatic;
				DEFINES_MODULE = YES;
				DEVELOPMENT_TEAM = N924Z73LYH;
				DYLIB_COMPATIBILITY_VERSION = 1;
				DYLIB_CURRENT_VERSION = 1;
				DYLIB_INSTALL_NAME_BASE = "@rpath";
				INFOPLIST_FILE = "HelloCustomer/Sdk-Info.plist";
				INSTALL_PATH = "$(LOCAL_LIBRARY_DIR)/Frameworks";
				IPHONEOS_DEPLOYMENT_TARGET = 11.0;
				LD_RUNPATH_SEARCH_PATHS = (
					"$(inherited)",
					"@executable_path/Frameworks",
					"@loader_path/Frameworks",
				);
				PRODUCT_BUNDLE_IDENTIFIER = "hello-customer.HelloCustomer";
				PRODUCT_NAME = "$(TARGET_NAME:c99extidentifier)";
				SKIP_INSTALL = YES;
				SUPPORTS_MACCATALYST = NO;
				SWIFT_VERSION = 5.0;
				TARGETED_DEVICE_FAMILY = "1,2";
			};
			name = Release;
		};
		AEF5F0D326AC137400D4822D /* Debug */ = {
			isa = XCBuildConfiguration;
			baseConfigurationReference = FC5601D81667120231AA1290 /* Pods-HelloCustomer-HelloCustomerTests.debug.xcconfig */;
			buildSettings = {
				ALWAYS_EMBED_SWIFT_STANDARD_LIBRARIES = YES;
				CODE_SIGN_STYLE = Automatic;
				INFOPLIST_FILE = HelloCustomerTests/Info.plist;
				LD_RUNPATH_SEARCH_PATHS = (
					"$(inherited)",
					"@executable_path/Frameworks",
					"@loader_path/Frameworks",
				);
				PRODUCT_BUNDLE_IDENTIFIER = "hello-customer.HelloCustomerTests";
				PRODUCT_NAME = "$(TARGET_NAME)";
				SWIFT_VERSION = 5.0;
				TARGETED_DEVICE_FAMILY = "1,2";
			};
			name = Debug;
		};
		AEF5F0D426AC137400D4822D /* Release */ = {
			isa = XCBuildConfiguration;
			baseConfigurationReference = 900C04BB0A30361472AE2F53 /* Pods-HelloCustomer-HelloCustomerTests.release.xcconfig */;
			buildSettings = {
				ALWAYS_EMBED_SWIFT_STANDARD_LIBRARIES = YES;
				CODE_SIGN_STYLE = Automatic;
				INFOPLIST_FILE = HelloCustomerTests/Info.plist;
				LD_RUNPATH_SEARCH_PATHS = (
					"$(inherited)",
					"@executable_path/Frameworks",
					"@loader_path/Frameworks",
				);
				PRODUCT_BUNDLE_IDENTIFIER = "hello-customer.HelloCustomerTests";
				PRODUCT_NAME = "$(TARGET_NAME)";
				SWIFT_VERSION = 5.0;
				TARGETED_DEVICE_FAMILY = "1,2";
			};
			name = Release;
		};
		AEF5F10326AC13F400D4822D /* Debug */ = {
			isa = XCBuildConfiguration;
			baseConfigurationReference = 7F90A4C96869F59C009B2026 /* Pods-Example.debug.xcconfig */;
			buildSettings = {
				ASSETCATALOG_COMPILER_APPICON_NAME = AppIcon;
				ASSETCATALOG_COMPILER_GLOBAL_ACCENT_COLOR_NAME = AccentColor;
				CODE_SIGN_STYLE = Automatic;
				CURRENT_PROJECT_VERSION = 2;
				DEVELOPMENT_TEAM = N924Z73LYH;
				INFOPLIST_FILE = Example/Info.plist;
				IPHONEOS_DEPLOYMENT_TARGET = 12.0;
				LD_RUNPATH_SEARCH_PATHS = (
					"$(inherited)",
					"@executable_path/Frameworks",
				);
				PRODUCT_BUNDLE_IDENTIFIER = "hello-customer.sdk.app";
				PRODUCT_NAME = "$(TARGET_NAME)";
				SWIFT_VERSION = 5.0;
				TARGETED_DEVICE_FAMILY = "1,2";
			};
			name = Debug;
		};
		AEF5F10426AC13F400D4822D /* Release */ = {
			isa = XCBuildConfiguration;
			baseConfigurationReference = 98A09F0B64ECCD7A04212282 /* Pods-Example.release.xcconfig */;
			buildSettings = {
				ASSETCATALOG_COMPILER_APPICON_NAME = AppIcon;
				ASSETCATALOG_COMPILER_GLOBAL_ACCENT_COLOR_NAME = AccentColor;
				CODE_SIGN_STYLE = Automatic;
				CURRENT_PROJECT_VERSION = 2;
				DEVELOPMENT_TEAM = N924Z73LYH;
				INFOPLIST_FILE = Example/Info.plist;
				IPHONEOS_DEPLOYMENT_TARGET = 12.0;
				LD_RUNPATH_SEARCH_PATHS = (
					"$(inherited)",
					"@executable_path/Frameworks",
				);
				PRODUCT_BUNDLE_IDENTIFIER = "hello-customer.sdk.app";
				PRODUCT_NAME = "$(TARGET_NAME)";
				SWIFT_VERSION = 5.0;
				TARGETED_DEVICE_FAMILY = "1,2";
			};
			name = Release;
		};
		AEF5F10926AC13F400D4822D /* Debug */ = {
			isa = XCBuildConfiguration;
			baseConfigurationReference = ACD5BF692282CF58BE6DBB80 /* Pods-Example-ExampleUITests.debug.xcconfig */;
			buildSettings = {
				ALWAYS_EMBED_SWIFT_STANDARD_LIBRARIES = YES;
				CODE_SIGN_STYLE = Automatic;
				INFOPLIST_FILE = ExampleUITests/Info.plist;
				LD_RUNPATH_SEARCH_PATHS = (
					"$(inherited)",
					"@executable_path/Frameworks",
					"@loader_path/Frameworks",
				);
				PRODUCT_BUNDLE_IDENTIFIER = "hello-customer.ExampleUITests";
				PRODUCT_NAME = "$(TARGET_NAME)";
				SWIFT_VERSION = 5.0;
				TARGETED_DEVICE_FAMILY = "1,2";
				TEST_TARGET_NAME = Example;
			};
			name = Debug;
		};
		AEF5F10A26AC13F400D4822D /* Release */ = {
			isa = XCBuildConfiguration;
			baseConfigurationReference = E91F33CD7A870F3DA0D7C998 /* Pods-Example-ExampleUITests.release.xcconfig */;
			buildSettings = {
				ALWAYS_EMBED_SWIFT_STANDARD_LIBRARIES = YES;
				CODE_SIGN_STYLE = Automatic;
				INFOPLIST_FILE = ExampleUITests/Info.plist;
				LD_RUNPATH_SEARCH_PATHS = (
					"$(inherited)",
					"@executable_path/Frameworks",
					"@loader_path/Frameworks",
				);
				PRODUCT_BUNDLE_IDENTIFIER = "hello-customer.ExampleUITests";
				PRODUCT_NAME = "$(TARGET_NAME)";
				SWIFT_VERSION = 5.0;
				TARGETED_DEVICE_FAMILY = "1,2";
				TEST_TARGET_NAME = Example;
			};
			name = Release;
		};
/* End XCBuildConfiguration section */

/* Begin XCConfigurationList section */
		AEF5F0B526AC137300D4822D /* Build configuration list for PBXProject "HelloCustomer" */ = {
			isa = XCConfigurationList;
			buildConfigurations = (
				AEF5F0CD26AC137400D4822D /* Debug */,
				AEF5F0CE26AC137400D4822D /* Release */,
			);
			defaultConfigurationIsVisible = 0;
			defaultConfigurationName = Release;
		};
		AEF5F0CF26AC137400D4822D /* Build configuration list for PBXNativeTarget "HelloCustomer" */ = {
			isa = XCConfigurationList;
			buildConfigurations = (
				AEF5F0D026AC137400D4822D /* Debug */,
				AEF5F0D126AC137400D4822D /* Release */,
			);
			defaultConfigurationIsVisible = 0;
			defaultConfigurationName = Release;
		};
		AEF5F0D226AC137400D4822D /* Build configuration list for PBXNativeTarget "HelloCustomerTests" */ = {
			isa = XCConfigurationList;
			buildConfigurations = (
				AEF5F0D326AC137400D4822D /* Debug */,
				AEF5F0D426AC137400D4822D /* Release */,
			);
			defaultConfigurationIsVisible = 0;
			defaultConfigurationName = Release;
		};
		AEF5F10226AC13F400D4822D /* Build configuration list for PBXNativeTarget "Example" */ = {
			isa = XCConfigurationList;
			buildConfigurations = (
				AEF5F10326AC13F400D4822D /* Debug */,
				AEF5F10426AC13F400D4822D /* Release */,
			);
			defaultConfigurationIsVisible = 0;
			defaultConfigurationName = Release;
		};
		AEF5F10826AC13F400D4822D /* Build configuration list for PBXNativeTarget "ExampleUITests" */ = {
			isa = XCConfigurationList;
			buildConfigurations = (
				AEF5F10926AC13F400D4822D /* Debug */,
				AEF5F10A26AC13F400D4822D /* Release */,
			);
			defaultConfigurationIsVisible = 0;
			defaultConfigurationName = Release;
		};
/* End XCConfigurationList section */
	};
	rootObject = AEF5F0B226AC137300D4822D /* Project object */;
}
